
Microsoft Visual Studio Solution File, Format Version 12.00
# Visual Studio 14
VisualStudioVersion = 14.0.25420.1
MinimumVisualStudioVersion = 10.0.40219.1
Project("{FAE04EC0-301F-11D3-BF4B-00C04F79EFBC}") = "FreeMax File Manager", "FreeMax File Manager\FreeMax File Manager.csproj", "{D87AD373-3D12-4DF6-BD7D-E7CBD19E438D}"
EndProject
Project("{2150E333-8FDC-42A3-9474-1A3956D46DE8}") = ".nuget", ".nuget", "{2225FD5E-B2C5-4BC6-9391-F26171422EF4}"
	ProjectSection(SolutionItems) = preProject
		.nuget\packages.config = .nuget\packages.config
	EndProjectSection
EndProject
Project("{FAE04EC0-301F-11D3-BF4B-00C04F79EFBC}") = "FileManagerService", "FileManagerService\FileManagerService.csproj", "{F1AE6E04-2ED1-4A2E-AB0D-5A233BB33324}"
EndProject
Global
	GlobalSection(SolutionConfigurationPlatforms) = preSolution
		Debug|Any CPU = Debug|Any CPU
		Release|Any CPU = Release|Any CPU
	EndGlobalSection
	GlobalSection(ProjectConfigurationPlatforms) = postSolution
		{D87AD373-3D12-4DF6-BD7D-E7CBD19E438D}.Debug|Any CPU.ActiveCfg = Debug|Any CPU
		{D87AD373-3D12-4DF6-BD7D-E7CBD19E438D}.Debug|Any CPU.Build.0 = Debug|Any CPU
		{D87AD373-3D12-4DF6-BD7D-E7CBD19E438D}.Release|Any CPU.ActiveCfg = Release|Any CPU
		{D87AD373-3D12-4DF6-BD7D-E7CBD19E438D}.Release|Any CPU.Build.0 = Release|Any CPU
		{F1AE6E04-2ED1-4A2E-AB0D-5A233BB33324}.Debug|Any CPU.ActiveCfg = Debug|Any CPU
		{F1AE6E04-2ED1-4A2E-AB0D-5A233BB33324}.Debug|Any CPU.Build.0 = Debug|Any CPU
		{F1AE6E04-2ED1-4A2E-AB0D-5A233BB33324}.Release|Any CPU.ActiveCfg = Release|Any CPU
		{F1AE6E04-2ED1-4A2E-AB0D-5A233BB33324}.Release|Any CPU.Build.0 = Release|Any CPU
	EndGlobalSection
	GlobalSection(SolutionProperties) = preSolution
		HideSolutionNode = FALSE
	EndGlobalSection
EndGlobal
